[[skill]]
name = "brainstorming"
source = "https://github.com/obra/superpowers.git"
kind = "git"
path = "skills/brainstorming"
commit = "44c9b2d6e889982ac18c27d05a19fefe335194e1"
checksum = "sha256:d15f54e073ccf2a06588c9c7584e480b08b8188f154b5ed9e2ba13735cc23219"

[[skill]]
name = "dispatching-parallel-agents"
source = "https://github.com/obra/superpowers.git"
kind = "git"
path = "skills/dispatching-parallel-agents"
commit = "44c9b2d6e889982ac18c27d05a19fefe335194e1"
checksum = "sha256:b011107f17188e0b2898bb1856b5bac8b49537cc86e737c82126558a235bd62a"

[[skill]]
name = "executing-plans"
source = "https://github.com/obra/superpowers.git"
kind = "git"
path = "skills/executing-plans"
commit = "44c9b2d6e889982ac18c27d05a19fefe335194e1"
checksum = "sha256:78a07800ee99a5861ae10be59d79fad085fdca10444e8aaeb2691597e357cff8"

[[skill]]
name = "finishing-a-development-branch"
source = "https://github.com/obra/superpowers.git"
kind = "git"
path = "skills/finishing-a-development-branch"
commit = "44c9b2d6e889982ac18c27d05a19fefe335194e1"
checksum = "sha256:a2afe045ea677114a89854f296ae57f8d34eb84864daa7b08ea9434acded724d"

[[skill]]
name = "ion-cli"
source = ""
kind = "git"
commit = ""
checksum = "sha256:bfc55c2c3f2bdc01ee30bd014d4b3f4bec6c60e6b2fab4d2526b7b893db5aa82"

[[skill]]
name = "m10-performance"
source = "https://github.com/zhanghandong/rust-skills.git"
kind = "git"
path = "m10-performance"
commit = "fa60f7931223646fb71c4586b4a6c8545016076a"
checksum = "sha256:a836503f09ef308c99b89880f416736101685f3eb419b12d342be8decb6654aa"

[[skill]]
name = "receiving-code-review"
source = "https://github.com/obra/superpowers.git"
kind = "git"
path = "skills/receiving-code-review"
commit = "44c9b2d6e889982ac18c27d05a19fefe335194e1"
checksum = "sha256:59361179fc9225173e0c145ffd9bafbf9fdbf8b43ce3dc308497a0b4f83a6063"

[[skill]]
name = "requesting-code-review"
source = "https://github.com/obra/superpowers.git"
kind = "git"
path = "skills/requesting-code-review"
commit = "44c9b2d6e889982ac18c27d05a19fefe335194e1"
checksum = "sha256:0ec3e6df8e809ada4221c6972321d885d622019545370fed76c9d866a0b54658"

[[skill]]
name = "subagent-driven-development"
source = "https://github.com/obra/superpowers.git"
kind = "git"
path = "skills/subagent-driven-development"
commit = "44c9b2d6e889982ac18c27d05a19fefe335194e1"
checksum = "sha256:102d254f065317f6b991d78434cbddccf4588e6a43a11216ea55a1cd0e42bc3d"

[[skill]]
name = "systematic-debugging"
source = "https://github.com/obra/superpowers.git"
kind = "git"
path = "skills/systematic-debugging"
commit = "44c9b2d6e889982ac18c27d05a19fefe335194e1"
checksum = "sha256:5ab44290779cd788c3c38cb9a132c26cf36e3f5c897574f645f73ed37ef999da"

[[skill]]
name = "test-driven-development"
source = "https://github.com/obra/superpowers.git"
kind = "git"
path = "skills/test-driven-development"
commit = "44c9b2d6e889982ac18c27d05a19fefe335194e1"
checksum = "sha256:a4126a9c5f17be3c228aa9e5755898ade283448b86099f56f40852e8c14532be"

[[skill]]
name = "using-git-worktrees"
source = "https://github.com/obra/superpowers.git"
kind = "git"
path = "skills/using-git-worktrees"
commit = "44c9b2d6e889982ac18c27d05a19fefe335194e1"
checksum = "sha256:48c8a1040e378e0cb7208107294e3afa9067b9370c3f33b49a443eb6b7528b0d"

[[skill]]
name = "using-superpowers"
source = "https://github.com/obra/superpowers.git"
kind = "git"
path = "skills/using-superpowers"
commit = "44c9b2d6e889982ac18c27d05a19fefe335194e1"
checksum = "sha256:5b1650e78b3ad9c2873af211916d1a90082d33ea3242dd9210918bc83136005a"

[[skill]]
name = "verification-before-completion"
source = "https://github.com/obra/superpowers.git"
kind = "git"
path = "skills/verification-before-completion"
commit = "44c9b2d6e889982ac18c27d05a19fefe335194e1"
checksum = "sha256:b529822bdac4b197b180fe12225cff86b930b65910435103c10622df7f041651"

[[skill]]
name = "writing-plans"
source = "https://github.com/obra/superpowers.git"
kind = "git"
path = "skills/writing-plans"
commit = "44c9b2d6e889982ac18c27d05a19fefe335194e1"
checksum = "sha256:d43fb38f3078227cb4f7529bb11d6b3bb6c12ebeeb70c3deadcee185b55c58f7"

[[skill]]
name = "writing-skills"
source = "https://github.com/obra/superpowers.git"
kind = "git"
path = "skills/writing-skills"
commit = "44c9b2d6e889982ac18c27d05a19fefe335194e1"
checksum = "sha256:aba546cca0b311c34e4ea6fd1b822dc98a602fe2fa505b91d6d9231a9f2ba94b"
